{
    "commands": [
        {
            "args": {
                "subject": "https://github.com/"
            },
            "type": "open"
        },
        {
            "args": {
                "attribute": "placeholder",
                "index": "",
                "input": "afh-random-user",
                "subject": "Pick a username"
            },
            "type": "type",
            "mode": "PLACEHOLDER"
        },
        {
            "args": {
                "attribute": "placeholder",
                "index": "",
                "input": "afh_random_user@afh.com",
                "subject": "Your email address"
            },
            "type": "type",
            "mode": "PLACEHOLDER"
        },
        {
            "args": {
                "attribute": "placeholder",
                "index": "",
                "input": "afh_random_password",
                "subject": "Create a password"
            },
            "type": "type",
            "mode": "PLACEHOLDER"
        },
        {
            "args": {
                "attribute": "placeholder",
                "index": "",
                "input": "karate",
                "subject": "Search GitHub"
            },
            "type": "type",
            "mode": "PLACEHOLDER"
        },
        {
            "args": {
                "attribute": "placeholder",
                "index": "",
                "subject": "karate"
            },
            "type": "click",
            "mode": "XPATH"
        },
        {
            "args": {
                "attribute": "placeholder",
                "index": "",
                "subject": "karate"
            },
            "type": "click",
            "mode": "XPATH"
        },
        {
            "args": {
                "attribute": "placeholder",
                "index": "",
                "subject": "Issues"
            },
            "type": "click",
            "mode": "XPATH"
        },
        {
            "args": {
                "attribute": "href",
                "index": "",
                "subject": "/intuit/karate/labels"
            },
            "type": "click",
            "mode": "ATTRIBUTE"
        },
        {
            "args": {
                "attribute": "placeholder",
                "index": "",
                "subject": "bug"
            },
            "type": "click",
            "mode": "XPATH"
        },
        {
            "args": {
                "attribute": "href",
                "index": "",
                "subject": "/intuit/karate/milestones"
            },
            "type": "assert",
            "mode": "ATTRIBUTE"
        }
    ]
}