{
    "commands": [
        {
            "args": {
                "subject": "https://github.com/"
            }, 
            "type": "open"
        }, 
        {
            "args": {
                "attribute": "placeholder", 
                "subject": "Pick a username", 
                "input": "afh-random-user", 
                "index": ""
            }, 
            "type": "type", 
            "mode": "PLACEHOLDER"
        }, 
        {
            "args": {
                "attribute": "placeholder", 
                "subject": "you@example.com", 
                "input": "afh_random_user@afh.com", 
                "index": ""
            }, 
            "type": "type", 
            "mode": "PLACEHOLDER"
        }, 
        {
            "args": {
                "attribute": "placeholder", 
                "subject": "Create a password", 
                "input": "afh_random_password", 
                "index": ""
            }, 
            "type": "type", 
            "mode": "PLACEHOLDER"
        }, 
        {
            "args": {
                "attribute": "placeholder", 
                "subject": "Search GitHub", 
                "input": "karate", 
                "index": ""
            }, 
            "type": "type", 
            "mode": "PLACEHOLDER"
        }, 
        {
            "args": {
                "attribute": "placeholder", 
                "subject": "karate", 
                "index": ""
            }, 
            "type": "click", 
            "mode": "XPATH"
        }, 
        {
            "args": {
                "attribute": "placeholder", 
                "subject": "karate", 
                "index": ""
            }, 
            "type": "click", 
            "mode": "XPATH"
        }, 
        {
            "args": {
                "attribute": "placeholder", 
                "subject": "Issues", 
                "index": ""
            }, 
            "type": "click", 
            "mode": "XPATH"
        }, 
        {
            "args": {
                "attribute": "placeholder", 
                "subject": "Labels", 
                "index": ""
            }, 
            "type": "click", 
            "mode": "XPATH"
        }, 
        {
            "args": {
                "attribute": "placeholder", 
                "subject": "bug", 
                "index": ""
            }, 
            "type": "click", 
            "mode": "XPATH"
        }, 
        {
            "args": {
                "subject": "10"
            }, 
            "type": "wait", 
            "mode": ""
        }
    ]
}